
Microsoft Visual Studio Solution File, Format Version 12.00
# Visual Studio Version 16
VisualStudioVersion = 16.0.31515.178
MinimumVisualStudioVersion = 10.0.40219.1
Project("{9A19103F-16F7-4668-BE54-9A1E7A4F7556}") = "GaleriaDavinci.Web", "GaleriaDavinci.Web\GaleriaDavinci.Web.csproj", "{1024B0E6-B17D-48F2-A08C-B96A1C00C4A1}"
EndProject
Project("{9A19103F-16F7-4668-BE54-9A1E7A4F7556}") = "GaleriaDavinci.Domain", "GaleriaDavinci.Domain\GaleriaDavinci.Domain.csproj", "{9D180E81-61F2-453D-99B6-0960D18F2ACE}"
EndProject
Project("{FAE04EC0-301F-11D3-BF4B-00C04F79EFBC}") = "GaleriaDavinci.UWP", "GaleriaDavinci.UWP\GaleriaDavinci.UWP.csproj", "{91924042-F478-4D7E-8ACE-24054950658B}"
EndProject
Global
	GlobalSection(SolutionConfigurationPlatforms) = preSolution
		Debug|Any CPU = Debug|Any CPU
		Debug|ARM = Debug|ARM
		Debug|ARM64 = Debug|ARM64
		Debug|x64 = Debug|x64
		Debug|x86 = Debug|x86
		Release|Any CPU = Release|Any CPU
		Release|ARM = Release|ARM
		Release|ARM64 = Release|ARM64
		Release|x64 = Release|x64
		Release|x86 = Release|x86
	EndGlobalSection
	GlobalSection(ProjectConfigurationPlatforms) = postSolution
		{1024B0E6-B17D-48F2-A08C-B96A1C00C4A1}.Debug|Any CPU.ActiveCfg = Debug|Any CPU
		{1024B0E6-B17D-48F2-A08C-B96A1C00C4A1}.Debug|Any CPU.Build.0 = Debug|Any CPU
		{1024B0E6-B17D-48F2-A08C-B96A1C00C4A1}.Debug|ARM.ActiveCfg = Debug|Any CPU
		{1024B0E6-B17D-48F2-A08C-B96A1C00C4A1}.Debug|ARM.Build.0 = Debug|Any CPU
		{1024B0E6-B17D-48F2-A08C-B96A1C00C4A1}.Debug|ARM64.ActiveCfg = Debug|Any CPU
		{1024B0E6-B17D-48F2-A08C-B96A1C00C4A1}.Debug|ARM64.Build.0 = Debug|Any CPU
		{1024B0E6-B17D-48F2-A08C-B96A1C00C4A1}.Debug|x64.ActiveCfg = Debug|Any CPU
		{1024B0E6-B17D-48F2-A08C-B96A1C00C4A1}.Debug|x64.Build.0 = Debug|Any CPU
		{1024B0E6-B17D-48F2-A08C-B96A1C00C4A1}.Debug|x86.ActiveCfg = Debug|Any CPU
		{1024B0E6-B17D-48F2-A08C-B96A1C00C4A1}.Debug|x86.Build.0 = Debug|Any CPU
		{1024B0E6-B17D-48F2-A08C-B96A1C00C4A1}.Release|Any CPU.ActiveCfg = Release|Any CPU
		{1024B0E6-B17D-48F2-A08C-B96A1C00C4A1}.Release|Any CPU.Build.0 = Release|Any CPU
		{1024B0E6-B17D-48F2-A08C-B96A1C00C4A1}.Release|ARM.ActiveCfg = Release|Any CPU
		{1024B0E6-B17D-48F2-A08C-B96A1C00C4A1}.Release|ARM.Build.0 = Release|Any CPU
		{1024B0E6-B17D-48F2-A08C-B96A1C00C4A1}.Release|ARM64.ActiveCfg = Release|Any CPU
		{1024B0E6-B17D-48F2-A08C-B96A1C00C4A1}.Release|ARM64.Build.0 = Release|Any CPU
		{1024B0E6-B17D-48F2-A08C-B96A1C00C4A1}.Release|x64.ActiveCfg = Release|Any CPU
		{1024B0E6-B17D-48F2-A08C-B96A1C00C4A1}.Release|x64.Build.0 = Release|Any CPU
		{1024B0E6-B17D-48F2-A08C-B96A1C00C4A1}.Release|x86.ActiveCfg = Release|Any CPU
		{1024B0E6-B17D-48F2-A08C-B96A1C00C4A1}.Release|x86.Build.0 = Release|Any CPU
		{9D180E81-61F2-453D-99B6-0960D18F2ACE}.Debug|Any CPU.ActiveCfg = Debug|Any CPU
		{9D180E81-61F2-453D-99B6-0960D18F2ACE}.Debug|Any CPU.Build.0 = Debug|Any CPU
		{9D180E81-61F2-453D-99B6-0960D18F2ACE}.Debug|ARM.ActiveCfg = Debug|Any CPU
		{9D180E81-61F2-453D-99B6-0960D18F2ACE}.Debug|ARM.Build.0 = Debug|Any CPU
		{9D180E81-61F2-453D-99B6-0960D18F2ACE}.Debug|ARM64.ActiveCfg = Debug|Any CPU
		{9D180E81-61F2-453D-99B6-0960D18F2ACE}.Debug|ARM64.Build.0 = Debug|Any CPU
		{9D180E81-61F2-453D-99B6-0960D18F2ACE}.Debug|x64.ActiveCfg = Debug|Any CPU
		{9D180E81-61F2-453D-99B6-0960D18F2ACE}.Debug|x64.Build.0 = Debug|Any CPU
		{9D180E81-61F2-453D-99B6-0960D18F2ACE}.Debug|x86.ActiveCfg = Debug|Any CPU
		{9D180E81-61F2-453D-99B6-0960D18F2ACE}.Debug|x86.Build.0 = Debug|Any CPU
		{9D180E81-61F2-453D-99B6-0960D18F2ACE}.Release|Any CPU.ActiveCfg = Release|Any CPU
		{9D180E81-61F2-453D-99B6-0960D18F2ACE}.Release|Any CPU.Build.0 = Release|Any CPU
		{9D180E81-61F2-453D-99B6-0960D18F2ACE}.Release|ARM.ActiveCfg = Release|Any CPU
		{9D180E81-61F2-453D-99B6-0960D18F2ACE}.Release|ARM.Build.0 = Release|Any CPU
		{9D180E81-61F2-453D-99B6-0960D18F2ACE}.Release|ARM64.ActiveCfg = Release|Any CPU
		{9D180E81-61F2-453D-99B6-0960D18F2ACE}.Release|ARM64.Build.0 = Release|Any CPU
		{9D180E81-61F2-453D-99B6-0960D18F2ACE}.Release|x64.ActiveCfg = Release|Any CPU
		{9D180E81-61F2-453D-99B6-0960D18F2ACE}.Release|x64.Build.0 = Release|Any CPU
		{9D180E81-61F2-453D-99B6-0960D18F2ACE}.Release|x86.ActiveCfg = Release|Any CPU
		{9D180E81-61F2-453D-99B6-0960D18F2ACE}.Release|x86.Build.0 = Release|Any CPU
		{91924042-F478-4D7E-8ACE-24054950658B}.Debug|Any CPU.ActiveCfg = Debug|x86
		{91924042-F478-4D7E-8ACE-24054950658B}.Debug|Any CPU.Build.0 = Debug|x86
		{91924042-F478-4D7E-8ACE-24054950658B}.Debug|ARM.ActiveCfg = Debug|ARM
		{91924042-F478-4D7E-8ACE-24054950658B}.Debug|ARM.Build.0 = Debug|ARM
		{91924042-F478-4D7E-8ACE-24054950658B}.Debug|ARM.Deploy.0 = Debug|ARM
		{91924042-F478-4D7E-8ACE-24054950658B}.Debug|ARM64.ActiveCfg = Debug|ARM64
		{91924042-F478-4D7E-8ACE-24054950658B}.Debug|ARM64.Build.0 = Debug|ARM64
		{91924042-F478-4D7E-8ACE-24054950658B}.Debug|ARM64.Deploy.0 = Debug|ARM64
		{91924042-F478-4D7E-8ACE-24054950658B}.Debug|x64.ActiveCfg = Debug|x64
		{91924042-F478-4D7E-8ACE-24054950658B}.Debug|x64.Build.0 = Debug|x64
		{91924042-F478-4D7E-8ACE-24054950658B}.Debug|x64.Deploy.0 = Debug|x64
		{91924042-F478-4D7E-8ACE-24054950658B}.Debug|x86.ActiveCfg = Debug|x86
		{91924042-F478-4D7E-8ACE-24054950658B}.Debug|x86.Build.0 = Debug|x86
		{91924042-F478-4D7E-8ACE-24054950658B}.Debug|x86.Deploy.0 = Debug|x86
		{91924042-F478-4D7E-8ACE-24054950658B}.Release|Any CPU.ActiveCfg = Release|x86
		{91924042-F478-4D7E-8ACE-24054950658B}.Release|ARM.ActiveCfg = Release|ARM
		{91924042-F478-4D7E-8ACE-24054950658B}.Release|ARM.Build.0 = Release|ARM
		{91924042-F478-4D7E-8ACE-24054950658B}.Release|ARM.Deploy.0 = Release|ARM
		{91924042-F478-4D7E-8ACE-24054950658B}.Release|ARM64.ActiveCfg = Release|ARM64
		{91924042-F478-4D7E-8ACE-24054950658B}.Release|ARM64.Build.0 = Release|ARM64
		{91924042-F478-4D7E-8ACE-24054950658B}.Release|ARM64.Deploy.0 = Release|ARM64
		{91924042-F478-4D7E-8ACE-24054950658B}.Release|x64.ActiveCfg = Release|x64
		{91924042-F478-4D7E-8ACE-24054950658B}.Release|x64.Build.0 = Release|x64
		{91924042-F478-4D7E-8ACE-24054950658B}.Release|x64.Deploy.0 = Release|x64
		{91924042-F478-4D7E-8ACE-24054950658B}.Release|x86.ActiveCfg = Release|x86
		{91924042-F478-4D7E-8ACE-24054950658B}.Release|x86.Build.0 = Release|x86
		{91924042-F478-4D7E-8ACE-24054950658B}.Release|x86.Deploy.0 = Release|x86
	EndGlobalSection
	GlobalSection(SolutionProperties) = preSolution
		HideSolutionNode = FALSE
	EndGlobalSection
	GlobalSection(ExtensibilityGlobals) = postSolution
		SolutionGuid = {86A79B1F-E76F-4005-81F9-696048F473A5}
	EndGlobalSection
EndGlobal
